
Microsoft Visual Studio Solution File, Format Version 12.00
# Visual Studio Version 16
VisualStudioVersion = 16.0.30204.135
MinimumVisualStudioVersion = 10.0.40219.1
Project("{FAE04EC0-301F-11D3-BF4B-00C04F79EFBC}") = "FirstMVC", "FirstMVC\FirstMVC.csproj", "{5470E75B-0128-4424-9803-2685376A58ED}"
EndProject
Global
	GlobalSection(SolutionConfigurationPlatforms) = preSolution
		Debug|Any CPU = Debug|Any CPU
		Release|Any CPU = Release|Any CPU
	EndGlobalSection
	GlobalSection(ProjectConfigurationPlatforms) = postSolution
		{5470E75B-0128-4424-9803-2685376A58ED}.Debug|Any CPU.ActiveCfg = Debug|Any CPU
		{5470E75B-0128-4424-9803-2685376A58ED}.Debug|Any CPU.Build.0 = Debug|Any CPU
		{5470E75B-0128-4424-9803-2685376A58ED}.Release|Any CPU.ActiveCfg = Release|Any CPU
		{5470E75B-0128-4424-9803-2685376A58ED}.Release|Any CPU.Build.0 = Release|Any CPU
	EndGlobalSection
	GlobalSection(SolutionProperties) = preSolution
		HideSolutionNode = FALSE
	EndGlobalSection
	GlobalSection(ExtensibilityGlobals) = postSolution
		SolutionGuid = {A11B9D21-4B2B-4C0D-990A-7E28BD98FF0D}
	EndGlobalSection
EndGlobal
